<?xml version="1.0" encoding="utf-8"?>
<Project ToolsVersion="4.0" xmlns="http://schemas.microsoft.com/developer/msbuild/2003">
  <ItemGroup>
    <Filter Include="shared">
      <UniqueIdentifier>{8c344d64-a57e-4003-a2ca-4073af989b31}</UniqueIdentifier>
    </Filter>
    <Filter Include="collector">
      <UniqueIdentifier>{faf826d8-3f6a-44b9-942f-d5691fcfaa5b}</UniqueIdentifier>
    </Filter>
  </ItemGroup>
  <ItemGroup>
    <ClCompile Include="..\Classes\Params.cpp">
      <Filter>shared</Filter>
    </ClCompile>
    <ClCompile Include="..\Classes\collector\RawContent.cpp">
      <Filter>collector</Filter>
    </ClCompile>
    <ClCompile Include="..\Classes\collector\Collector.cpp">
      <Filter>collector</Filter>
    </ClCompile>
    <ClCompile Include="Main.cpp" />
    <ClCompile Include="..\Classes\Timer.cpp">
      <Filter>shared</Filter>
    </ClCompile>
  </ItemGroup>
  <ItemGroup>
    <ClInclude Include="..\Classes\Include.h">
      <Filter>shared</Filter>
    </ClInclude>
    <ClInclude Include="..\Classes\Params.h">
      <Filter>shared</Filter>
    </ClInclude>
    <ClInclude Include="..\Classes\collector\Collector.h">
      <Filter>collector</Filter>
    </ClInclude>
    <ClInclude Include="..\Classes\collector\RawContent.h">
      <Filter>collector</Filter>
    </ClInclude>
    <ClInclude Include="..\Classes\Timer.h">
      <Filter>shared</Filter>
    </ClInclude>
  </ItemGroup>
</Project>