<?xml version="1.0" encoding="utf-8"?>
<Project ToolsVersion="4.0" xmlns="http://schemas.microsoft.com/developer/msbuild/2003">
  <ItemGroup>
    <Filter Include="collector">
      <UniqueIdentifier>{911e70db-b1f4-4b83-88db-1276f951d924}</UniqueIdentifier>
    </Filter>
    <Filter Include="shared">
      <UniqueIdentifier>{ccd74c52-26e1-4460-8832-44770e49e1dc}</UniqueIdentifier>
    </Filter>
    <Filter Include="calculator">
      <UniqueIdentifier>{d8a3fb72-bc04-4bb1-a03c-915110c750fa}</UniqueIdentifier>
    </Filter>
  </ItemGroup>
  <ItemGroup>
    <ClCompile Include="Main.cpp" />
  </ItemGroup>
</Project>