<?xml version="1.0" encoding="utf-8"?>
<Project ToolsVersion="4.0" xmlns="http://schemas.microsoft.com/developer/msbuild/2003">
  <ItemGroup>
    <ClCompile Include="Main.cpp" />
    <ClCompile Include="..\Classes\Params.cpp">
      <Filter>shared</Filter>
    </ClCompile>
    <ClCompile Include="..\Classes\Timer.cpp">
      <Filter>shared</Filter>
    </ClCompile>
    <ClCompile Include="..\Classes\analyzer\Analyzer.cpp">
      <Filter>analyzer</Filter>
    </ClCompile>
    <ClCompile Include="..\Classes\analyzer\RoadInfo.cpp">
      <Filter>analyzer</Filter>
    </ClCompile>
    <ClCompile Include="..\Classes\calculator\Calculator.cpp">
      <Filter>calculator</Filter>
    </ClCompile>
    <ClCompile Include="..\Classes\calculator\EdgeDetector.cpp">
      <Filter>calculator</Filter>
    </ClCompile>
    <ClCompile Include="..\Classes\calculator\Formatter.cpp">
      <Filter>calculator</Filter>
    </ClCompile>
    <ClCompile Include="..\Classes\calculator\FrameInfo.cpp">
      <Filter>calculator</Filter>
    </ClCompile>
    <ClCompile Include="..\Classes\calculator\Line.cpp">
      <Filter>calculator</Filter>
    </ClCompile>
    <ClCompile Include="..\Classes\calculator\LineDetector.cpp">
      <Filter>calculator</Filter>
    </ClCompile>
    <ClCompile Include="..\Classes\calculator\LineInfo.cpp">
      <Filter>calculator</Filter>
    </ClCompile>
    <ClCompile Include="..\Classes\collector\Collector.cpp">
      <Filter>collector</Filter>
    </ClCompile>
    <ClCompile Include="..\Classes\collector\RawContent.cpp">
      <Filter>collector</Filter>
    </ClCompile>
    <ClCompile Include="..\Classes\driver\Driver.cpp">
      <Filter>driver</Filter>
    </ClCompile>
    <ClCompile Include="..\Classes\driver\Car.cpp">
      <Filter>driver</Filter>
    </ClCompile>
    <ClCompile Include="..\Classes\analyzer\LanePart.cpp">
      <Filter>analyzer</Filter>
    </ClCompile>
  </ItemGroup>
  <ItemGroup>
    <Filter Include="shared">
      <UniqueIdentifier>{6c212613-19e1-48a8-853c-82c061099f75}</UniqueIdentifier>
    </Filter>
    <Filter Include="analyzer">
      <UniqueIdentifier>{e208c585-2545-4304-8f0c-0fbe9ecad85b}</UniqueIdentifier>
    </Filter>
    <Filter Include="calculator">
      <UniqueIdentifier>{73214d90-a131-46c4-9843-3586197ec400}</UniqueIdentifier>
    </Filter>
    <Filter Include="collector">
      <UniqueIdentifier>{9cff8765-ffe1-4733-80fa-4159240ab65d}</UniqueIdentifier>
    </Filter>
    <Filter Include="driver">
      <UniqueIdentifier>{fe275e84-7b81-4607-bac7-3a0b2dc7b748}</UniqueIdentifier>
    </Filter>
  </ItemGroup>
  <ItemGroup>
    <ClInclude Include="..\Classes\Include.h">
      <Filter>shared</Filter>
    </ClInclude>
    <ClInclude Include="..\Classes\Params.h">
      <Filter>shared</Filter>
    </ClInclude>
    <ClInclude Include="..\Classes\Timer.h">
      <Filter>shared</Filter>
    </ClInclude>
    <ClInclude Include="..\Classes\analyzer\Analyzer.h">
      <Filter>analyzer</Filter>
    </ClInclude>
    <ClInclude Include="..\Classes\analyzer\RoadInfo.h">
      <Filter>analyzer</Filter>
    </ClInclude>
    <ClInclude Include="..\Classes\calculator\Calculator.h">
      <Filter>calculator</Filter>
    </ClInclude>
    <ClInclude Include="..\Classes\calculator\EdgeDetector.h">
      <Filter>calculator</Filter>
    </ClInclude>
    <ClInclude Include="..\Classes\calculator\Formatter.h">
      <Filter>calculator</Filter>
    </ClInclude>
    <ClInclude Include="..\Classes\calculator\FrameInfo.h">
      <Filter>calculator</Filter>
    </ClInclude>
    <ClInclude Include="..\Classes\calculator\Line.h">
      <Filter>calculator</Filter>
    </ClInclude>
    <ClInclude Include="..\Classes\calculator\LineDetector.h">
      <Filter>calculator</Filter>
    </ClInclude>
    <ClInclude Include="..\Classes\calculator\LineInfo.h">
      <Filter>calculator</Filter>
    </ClInclude>
    <ClInclude Include="..\Classes\collector\Collector.h">
      <Filter>collector</Filter>
    </ClInclude>
    <ClInclude Include="..\Classes\collector\RawContent.h">
      <Filter>collector</Filter>
    </ClInclude>
    <ClInclude Include="..\Classes\driver\Driver.h">
      <Filter>driver</Filter>
    </ClInclude>
    <ClInclude Include="..\Classes\driver\Car.h">
      <Filter>driver</Filter>
    </ClInclude>
    <ClInclude Include="..\Classes\analyzer\LanePart.h">
      <Filter>analyzer</Filter>
    </ClInclude>
  </ItemGroup>
</Project>