<?xml version="1.0" encoding="utf-8"?>
<Project ToolsVersion="4.0" xmlns="http://schemas.microsoft.com/developer/msbuild/2003">
  <ItemGroup>
    <ClCompile Include="Main.cpp" />
    <ClCompile Include="..\Classes\Params.cpp">
      <Filter>shared</Filter>
    </ClCompile>
    <ClCompile Include="..\Classes\collector\Collector.cpp">
      <Filter>collector</Filter>
    </ClCompile>
    <ClCompile Include="..\Classes\collector\RawContent.cpp">
      <Filter>collector</Filter>
    </ClCompile>
    <ClCompile Include="..\Classes\calculator\Calculator.cpp">
      <Filter>calculator</Filter>
    </ClCompile>
    <ClCompile Include="..\Classes\calculator\EdgeDetector.cpp">
      <Filter>calculator</Filter>
    </ClCompile>
    <ClCompile Include="..\Classes\calculator\Formatter.cpp">
      <Filter>calculator</Filter>
    </ClCompile>
    <ClCompile Include="..\Classes\calculator\FrameInfo.cpp">
      <Filter>calculator</Filter>
    </ClCompile>
    <ClCompile Include="..\Classes\calculator\Line.cpp">
      <Filter>calculator</Filter>
    </ClCompile>
    <ClCompile Include="..\Classes\calculator\LineDetector.cpp">
      <Filter>calculator</Filter>
    </ClCompile>
    <ClCompile Include="..\Classes\calculator\LineInfo.cpp">
      <Filter>calculator</Filter>
    </ClCompile>
    <ClCompile Include="..\Classes\analyzer\RoadInfo.cpp">
      <Filter>analyzer</Filter>
    </ClCompile>
    <ClCompile Include="..\Classes\Timer.cpp">
      <Filter>shared</Filter>
    </ClCompile>
    <ClCompile Include="..\Classes\analyzer\LaneComponent.cpp">
      <Filter>analyzer</Filter>
    </ClCompile>
    <ClCompile Include="..\Classes\calculator\Section.cpp">
      <Filter>calculator</Filter>
    </ClCompile>
    <ClCompile Include="..\Classes\analyzer\Analyzer.cpp">
      <Filter>analyzer</Filter>
    </ClCompile>
  </ItemGroup>
  <ItemGroup>
    <Filter Include="shared">
      <UniqueIdentifier>{8640f0f3-3fdf-400a-a91f-a6b044002490}</UniqueIdentifier>
    </Filter>
    <Filter Include="collector">
      <UniqueIdentifier>{c2b02bb5-322d-4ecd-9a15-bd629d6f2e2b}</UniqueIdentifier>
    </Filter>
    <Filter Include="calculator">
      <UniqueIdentifier>{c471649d-deba-465c-a97d-af2db671d4be}</UniqueIdentifier>
    </Filter>
    <Filter Include="analyzer">
      <UniqueIdentifier>{b4898f58-2c27-44e7-b753-cb3756545ebf}</UniqueIdentifier>
    </Filter>
  </ItemGroup>
  <ItemGroup>
    <ClInclude Include="..\Classes\Include.h">
      <Filter>shared</Filter>
    </ClInclude>
    <ClInclude Include="..\Classes\Params.h">
      <Filter>shared</Filter>
    </ClInclude>
    <ClInclude Include="..\Classes\collector\Collector.h">
      <Filter>collector</Filter>
    </ClInclude>
    <ClInclude Include="..\Classes\collector\RawContent.h">
      <Filter>collector</Filter>
    </ClInclude>
    <ClInclude Include="..\Classes\calculator\Calculator.h">
      <Filter>calculator</Filter>
    </ClInclude>
    <ClInclude Include="..\Classes\calculator\EdgeDetector.h">
      <Filter>calculator</Filter>
    </ClInclude>
    <ClInclude Include="..\Classes\calculator\Formatter.h">
      <Filter>calculator</Filter>
    </ClInclude>
    <ClInclude Include="..\Classes\calculator\FrameInfo.h">
      <Filter>calculator</Filter>
    </ClInclude>
    <ClInclude Include="..\Classes\calculator\Line.h">
      <Filter>calculator</Filter>
    </ClInclude>
    <ClInclude Include="..\Classes\calculator\LineDetector.h">
      <Filter>calculator</Filter>
    </ClInclude>
    <ClInclude Include="..\Classes\calculator\LineInfo.h">
      <Filter>calculator</Filter>
    </ClInclude>
    <ClInclude Include="..\Classes\analyzer\RoadInfo.h">
      <Filter>analyzer</Filter>
    </ClInclude>
    <ClInclude Include="..\Classes\Timer.h">
      <Filter>shared</Filter>
    </ClInclude>
    <ClInclude Include="..\Classes\analyzer\Lane.h">
      <Filter>analyzer</Filter>
    </ClInclude>
    <ClInclude Include="..\Classes\analyzer\Road.h">
      <Filter>analyzer</Filter>
    </ClInclude>
    <ClInclude Include="..\Classes\analyzer\LaneComponent.h">
      <Filter>analyzer</Filter>
    </ClInclude>
    <ClInclude Include="..\Classes\analyzer\LanePart.h">
      <Filter>analyzer</Filter>
    </ClInclude>
    <ClInclude Include="..\Classes\calculator\Section.h">
      <Filter>calculator</Filter>
    </ClInclude>
    <ClInclude Include="..\Classes\analyzer\Analyzer.h">
      <Filter>analyzer</Filter>
    </ClInclude>
  </ItemGroup>
</Project>